// !$*UTF8*$!
{
	archiveVersion = 1;
	classes = {
	};
	objectVersion = 55;
	objects = {

/* Begin PBXBuildFile section */
		ED7BEF802785BA000054190C /* LearningApp.swift in Sources */ = {isa = PBXBuildFile; fileRef = ED7BEF7F2785BA000054190C /* LearningApp.swift */; };
		ED7BEF822785BA000054190C /* HomeView.swift in Sources */ = {isa = PBXBuildFile; fileRef = ED7BEF812785BA000054190C /* HomeView.swift */; };
		ED7BEF842785BA010054190C /* Assets.xcassets in Resources */ = {isa = PBXBuildFile; fileRef = ED7BEF832785BA010054190C /* Assets.xcassets */; };
		ED7BEF872785BA010054190C /* Preview Assets.xcassets in Resources */ = {isa = PBXBuildFile; fileRef = ED7BEF862785BA010054190C /* Preview Assets.xcassets */; };
		ED7BEF942785C1580054190C /* data.json in Resources */ = {isa = PBXBuildFile; fileRef = ED7BEF922785C1580054190C /* data.json */; };
		ED7BEF952785C1580054190C /* style.html in Resources */ = {isa = PBXBuildFile; fileRef = ED7BEF932785C1580054190C /* style.html */; };
		ED7BEF972785DCCF0054190C /* Models.swift in Sources */ = {isa = PBXBuildFile; fileRef = ED7BEF962785DCCF0054190C /* Models.swift */; };
		ED7BEF992785E46B0054190C /* ContentModel.swift in Sources */ = {isa = PBXBuildFile; fileRef = ED7BEF982785E46B0054190C /* ContentModel.swift */; };
		ED7BEF9C2785E7270054190C /* LocalDataService.swift in Sources */ = {isa = PBXBuildFile; fileRef = ED7BEF9B2785E7270054190C /* LocalDataService.swift */; };
		ED7BEF9E2786373C0054190C /* LocalStyleDataService.swift in Sources */ = {isa = PBXBuildFile; fileRef = ED7BEF9D2786373C0054190C /* LocalStyleDataService.swift */; };
		EDC9B66927872B87003EDA82 /* HomeContentCardView.swift in Sources */ = {isa = PBXBuildFile; fileRef = EDC9B66827872B87003EDA82 /* HomeContentCardView.swift */; };
		EDC9B66B27873F61003EDA82 /* HomeQuizCardView.swift in Sources */ = {isa = PBXBuildFile; fileRef = EDC9B66A27873F61003EDA82 /* HomeQuizCardView.swift */; };
		EDFCAED2278D703700BC3686 /* LessonListView.swift in Sources */ = {isa = PBXBuildFile; fileRef = EDFCAED1278D703700BC3686 /* LessonListView.swift */; };
/* End PBXBuildFile section */

/* Begin PBXFileReference section */
		ED7BEF7C2785BA000054190C /* Learning App.app */ = {isa = PBXFileReference; explicitFileType = wrapper.application; includeInIndex = 0; path = "Learning App.app"; sourceTree = BUILT_PRODUCTS_DIR; };
		ED7BEF7F2785BA000054190C /* LearningApp.swift */ = {isa = PBXFileReference; lastKnownFileType = sourcecode.swift; path = LearningApp.swift; sourceTree = "<group>"; };
		ED7BEF812785BA000054190C /* HomeView.swift */ = {isa = PBXFileReference; lastKnownFileType = sourcecode.swift; path = HomeView.swift; sourceTree = "<group>"; };
		ED7BEF832785BA010054190C /* Assets.xcassets */ = {isa = PBXFileReference; lastKnownFileType = folder.assetcatalog; path = Assets.xcassets; sourceTree = "<group>"; };
		ED7BEF862785BA010054190C /* Preview Assets.xcassets */ = {isa = PBXFileReference; lastKnownFileType = folder.assetcatalog; path = "Preview Assets.xcassets"; sourceTree = "<group>"; };
		ED7BEF922785C1580054190C /* data.json */ = {isa = PBXFileReference; fileEncoding = 4; lastKnownFileType = text.json; path = data.json; sourceTree = "<group>"; };
		ED7BEF932785C1580054190C /* style.html */ = {isa = PBXFileReference; fileEncoding = 4; lastKnownFileType = text.html; path = style.html; sourceTree = "<group>"; };
		ED7BEF962785DCCF0054190C /* Models.swift */ = {isa = PBXFileReference; lastKnownFileType = sourcecode.swift; path = Models.swift; sourceTree = "<group>"; };
		ED7BEF982785E46B0054190C /* ContentModel.swift */ = {isa = PBXFileReference; lastKnownFileType = sourcecode.swift; path = ContentModel.swift; sourceTree = "<group>"; };
		ED7BEF9B2785E7270054190C /* LocalDataService.swift */ = {isa = PBXFileReference; lastKnownFileType = sourcecode.swift; path = LocalDataService.swift; sourceTree = "<group>"; };
		ED7BEF9D2786373C0054190C /* LocalStyleDataService.swift */ = {isa = PBXFileReference; lastKnownFileType = sourcecode.swift; path = LocalStyleDataService.swift; sourceTree = "<group>"; };
		EDC9B66827872B87003EDA82 /* HomeContentCardView.swift */ = {isa = PBXFileReference; lastKnownFileType = sourcecode.swift; path = HomeContentCardView.swift; sourceTree = "<group>"; };
		EDC9B66A27873F61003EDA82 /* HomeQuizCardView.swift */ = {isa = PBXFileReference; lastKnownFileType = sourcecode.swift; path = HomeQuizCardView.swift; sourceTree = "<group>"; };
		EDFCAED1278D703700BC3686 /* LessonListView.swift */ = {isa = PBXFileReference; lastKnownFileType = sourcecode.swift; path = LessonListView.swift; sourceTree = "<group>"; };
/* End PBXFileReference section */

/* Begin PBXFrameworksBuildPhase section */
		ED7BEF792785BA000054190C /* Frameworks */ = {
			isa = PBXFrameworksBuildPhase;
			buildActionMask = 2147483647;
			files = (
			);
			runOnlyForDeploymentPostprocessing = 0;
		};
/* End PBXFrameworksBuildPhase section */

/* Begin PBXGroup section */
		ED7BEF732785BA000054190C = {
			isa = PBXGroup;
			children = (
				ED7BEF7E2785BA000054190C /* Learning App */,
				ED7BEF7D2785BA000054190C /* Products */,
			);
			sourceTree = "<group>";
		};
		ED7BEF7D2785BA000054190C /* Products */ = {
			isa = PBXGroup;
			children = (
				ED7BEF7C2785BA000054190C /* Learning App.app */,
			);
			name = Products;
			sourceTree = "<group>";
		};
		ED7BEF7E2785BA000054190C /* Learning App */ = {
			isa = PBXGroup;
			children = (
				ED7BEF8D2785BCCE0054190C /* App */,
				ED7BEF8E2785BCDA0054190C /* Views */,
				ED7BEF8F2785BCF70054190C /* ViewModels */,
				ED7BEF902785BD0D0054190C /* Models */,
				ED7BEF9A2785E6380054190C /* Services */,
				ED7BEF912785C0FA0054190C /* Data */,
				ED7BEF832785BA010054190C /* Assets.xcassets */,
				ED7BEF852785BA010054190C /* Preview Content */,
			);
			path = "Learning App";
			sourceTree = "<group>";
		};
		ED7BEF852785BA010054190C /* Preview Content */ = {
			isa = PBXGroup;
			children = (
				ED7BEF862785BA010054190C /* Preview Assets.xcassets */,
			);
			path = "Preview Content";
			sourceTree = "<group>";
		};
		ED7BEF8D2785BCCE0054190C /* App */ = {
			isa = PBXGroup;
			children = (
				ED7BEF7F2785BA000054190C /* LearningApp.swift */,
			);
			path = App;
			sourceTree = "<group>";
		};
		ED7BEF8E2785BCDA0054190C /* Views */ = {
			isa = PBXGroup;
			children = (
				ED7BEF812785BA000054190C /* HomeView.swift */,
				EDC9B66827872B87003EDA82 /* HomeContentCardView.swift */,
				EDC9B66A27873F61003EDA82 /* HomeQuizCardView.swift */,
				EDFCAED1278D703700BC3686 /* LessonListView.swift */,
			);
			path = Views;
			sourceTree = "<group>";
		};
		ED7BEF8F2785BCF70054190C /* ViewModels */ = {
			isa = PBXGroup;
			children = (
				ED7BEF982785E46B0054190C /* ContentModel.swift */,
			);
			path = ViewModels;
			sourceTree = "<group>";
		};
		ED7BEF902785BD0D0054190C /* Models */ = {
			isa = PBXGroup;
			children = (
				ED7BEF962785DCCF0054190C /* Models.swift */,
			);
			path = Models;
			sourceTree = "<group>";
		};
		ED7BEF912785C0FA0054190C /* Data */ = {
			isa = PBXGroup;
			children = (
				ED7BEF922785C1580054190C /* data.json */,
				ED7BEF932785C1580054190C /* style.html */,
			);
			path = Data;
			sourceTree = "<group>";
		};
		ED7BEF9A2785E6380054190C /* Services */ = {
			isa = PBXGroup;
			children = (
				ED7BEF9B2785E7270054190C /* LocalDataService.swift */,
				ED7BEF9D2786373C0054190C /* LocalStyleDataService.swift */,
			);
			path = Services;
			sourceTree = "<group>";
		};
/* End PBXGroup section */

/* Begin PBXNativeTarget section */
		ED7BEF7B2785BA000054190C /* Learning App */ = {
			isa = PBXNativeTarget;
			buildConfigurationList = ED7BEF8A2785BA010054190C /* Build configuration list for PBXNativeTarget "Learning App" */;
			buildPhases = (
				ED7BEF782785BA000054190C /* Sources */,
				ED7BEF792785BA000054190C /* Frameworks */,
				ED7BEF7A2785BA000054190C /* Resources */,
			);
			buildRules = (
			);
			dependencies = (
			);
			name = "Learning App";
			productName = "Learning App";
			productReference = ED7BEF7C2785BA000054190C /* Learning App.app */;
			productType = "com.apple.product-type.application";
		};
/* End PBXNativeTarget section */

/* Begin PBXProject section */
		ED7BEF742785BA000054190C /* Project object */ = {
			isa = PBXProject;
			attributes = {
				BuildIndependentTargetsInParallel = 1;
				LastSwiftUpdateCheck = 1320;
				LastUpgradeCheck = 1320;
				TargetAttributes = {
					ED7BEF7B2785BA000054190C = {
						CreatedOnToolsVersion = 13.2.1;
					};
				};
			};
			buildConfigurationList = ED7BEF772785BA000054190C /* Build configuration list for PBXProject "Learning App" */;
			compatibilityVersion = "Xcode 13.0";
			developmentRegion = en;
			hasScannedForEncodings = 0;
			knownRegions = (
				en,
				Base,
			);
			mainGroup = ED7BEF732785BA000054190C;
			productRefGroup = ED7BEF7D2785BA000054190C /* Products */;
			projectDirPath = "";
			projectRoot = "";
			targets = (
				ED7BEF7B2785BA000054190C /* Learning App */,
			);
		};
/* End PBXProject section */

/* Begin PBXResourcesBuildPhase section */
		ED7BEF7A2785BA000054190C /* Resources */ = {
			isa = PBXResourcesBuildPhase;
			buildActionMask = 2147483647;
			files = (
				ED7BEF872785BA010054190C /* Preview Assets.xcassets in Resources */,
				ED7BEF942785C1580054190C /* data.json in Resources */,
				ED7BEF952785C1580054190C /* style.html in Resources */,
				ED7BEF842785BA010054190C /* Assets.xcassets in Resources */,
			);
			runOnlyForDeploymentPostprocessing = 0;
		};
/* End PBXResourcesBuildPhase section */

/* Begin PBXSourcesBuildPhase section */
		ED7BEF782785BA000054190C /* Sources */ = {
			isa = PBXSourcesBuildPhase;
			buildActionMask = 2147483647;
			files = (
				EDFCAED2278D703700BC3686 /* LessonListView.swift in Sources */,
				EDC9B66927872B87003EDA82 /* HomeContentCardView.swift in Sources */,
				ED7BEF972785DCCF0054190C /* Models.swift in Sources */,
				ED7BEF992785E46B0054190C /* ContentModel.swift in Sources */,
				EDC9B66B27873F61003EDA82 /* HomeQuizCardView.swift in Sources */,
				ED7BEF9C2785E7270054190C /* LocalDataService.swift in Sources */,
				ED7BEF9E2786373C0054190C /* LocalStyleDataService.swift in Sources */,
				ED7BEF822785BA000054190C /* HomeView.swift in Sources */,
				ED7BEF802785BA000054190C /* LearningApp.swift in Sources */,
			);
			runOnlyForDeploymentPostprocessing = 0;
		};
/* End PBXSourcesBuildPhase section */

/* Begin XCBuildConfiguration section */
		ED7BEF882785BA010054190C /* Debug */ = {
			isa = XCBuildConfiguration;
			buildSettings = {
				ALWAYS_SEARCH_USER_PATHS = NO;
				CLANG_ANALYZER_NONNULL = YES;
				CLANG_ANALYZER_NUMBER_OBJECT_CONVERSION = YES_AGGRESSIVE;
				CLANG_CXX_LANGUAGE_STANDARD = "gnu++17";
				CLANG_CXX_LIBRARY = "libc++";
				CLANG_ENABLE_MODULES = YES;
				CLANG_ENABLE_OBJC_ARC = YES;
				CLANG_ENABLE_OBJC_WEAK = YES;
				CLANG_WARN_BLOCK_CAPTURE_AUTORELEASING = YES;
				CLANG_WARN_BOOL_CONVERSION = YES;
				CLANG_WARN_COMMA = YES;
				CLANG_WARN_CONSTANT_CONVERSION = YES;
				CLANG_WARN_DEPRECATED_OBJC_IMPLEMENTATIONS = YES;
				CLANG_WARN_DIRECT_OBJC_ISA_USAGE = YES_ERROR;
				CLANG_WARN_DOCUMENTATION_COMMENTS = YES;
				CLANG_WARN_EMPTY_BODY = YES;
				CLANG_WARN_ENUM_CONVERSION = YES;
				CLANG_WARN_INFINITE_RECURSION = YES;
				CLANG_WARN_INT_CONVERSION = YES;
				CLANG_WARN_NON_LITERAL_NULL_CONVERSION = YES;
				CLANG_WARN_OBJC_IMPLICIT_RETAIN_SELF = YES;
				CLANG_WARN_OBJC_LITERAL_CONVERSION = YES;
				CLANG_WARN_OBJC_ROOT_CLASS = YES_ERROR;
				CLANG_WARN_QUOTED_INCLUDE_IN_FRAMEWORK_HEADER = YES;
				CLANG_WARN_RANGE_LOOP_ANALYSIS = YES;
				CLANG_WARN_STRICT_PROTOTYPES = YES;
				CLANG_WARN_SUSPICIOUS_MOVE = YES;
				CLANG_WARN_UNGUARDED_AVAILABILITY = YES_AGGRESSIVE;
				CLANG_WARN_UNREACHABLE_CODE = YES;
				CLANG_WARN__DUPLICATE_METHOD_MATCH = YES;
				COPY_PHASE_STRIP = NO;
				DEBUG_INFORMATION_FORMAT = dwarf;
				ENABLE_STRICT_OBJC_MSGSEND = YES;
				ENABLE_TESTABILITY = YES;
				GCC_C_LANGUAGE_STANDARD = gnu11;
				GCC_DYNAMIC_NO_PIC = NO;
				GCC_NO_COMMON_BLOCKS = YES;
				GCC_OPTIMIZATION_LEVEL = 0;
				GCC_PREPROCESSOR_DEFINITIONS = (
					"DEBUG=1",
					"$(inherited)",
				);
				GCC_WARN_64_TO_32_BIT_CONVERSION = YES;
				GCC_WARN_ABOUT_RETURN_TYPE = YES_ERROR;
				GCC_WARN_UNDECLARED_SELECTOR = YES;
				GCC_WARN_UNINITIALIZED_AUTOS = YES_AGGRESSIVE;
				GCC_WARN_UNUSED_FUNCTION = YES;
				GCC_WARN_UNUSED_VARIABLE = YES;
				IPHONEOS_DEPLOYMENT_TARGET = 15.2;
				MTL_ENABLE_DEBUG_INFO = INCLUDE_SOURCE;
				MTL_FAST_MATH = YES;
				ONLY_ACTIVE_ARCH = YES;
				SDKROOT = iphoneos;
				SWIFT_ACTIVE_COMPILATION_CONDITIONS = DEBUG;
				SWIFT_OPTIMIZATION_LEVEL = "-Onone";
			};
			name = Debug;
		};
		ED7BEF892785BA010054190C /* Release */ = {
			isa = XCBuildConfiguration;
			buildSettings = {
				ALWAYS_SEARCH_USER_PATHS = NO;
				CLANG_ANALYZER_NONNULL = YES;
				CLANG_ANALYZER_NUMBER_OBJECT_CONVERSION = YES_AGGRESSIVE;
				CLANG_CXX_LANGUAGE_STANDARD = "gnu++17";
				CLANG_CXX_LIBRARY = "libc++";
				CLANG_ENABLE_MODULES = YES;
				CLANG_ENABLE_OBJC_ARC = YES;
				CLANG_ENABLE_OBJC_WEAK = YES;
				CLANG_WARN_BLOCK_CAPTURE_AUTORELEASING = YES;
				CLANG_WARN_BOOL_CONVERSION = YES;
				CLANG_WARN_COMMA = YES;
				CLANG_WARN_CONSTANT_CONVERSION = YES;
				CLANG_WARN_DEPRECATED_OBJC_IMPLEMENTATIONS = YES;
				CLANG_WARN_DIRECT_OBJC_ISA_USAGE = YES_ERROR;
				CLANG_WARN_DOCUMENTATION_COMMENTS = YES;
				CLANG_WARN_EMPTY_BODY = YES;
				CLANG_WARN_ENUM_CONVERSION = YES;
				CLANG_WARN_INFINITE_RECURSION = YES;
				CLANG_WARN_INT_CONVERSION = YES;
				CLANG_WARN_NON_LITERAL_NULL_CONVERSION = YES;
				CLANG_WARN_OBJC_IMPLICIT_RETAIN_SELF = YES;
				CLANG_WARN_OBJC_LITERAL_CONVERSION = YES;
				CLANG_WARN_OBJC_ROOT_CLASS = YES_ERROR;
				CLANG_WARN_QUOTED_INCLUDE_IN_FRAMEWORK_HEADER = YES;
				CLANG_WARN_RANGE_LOOP_ANALYSIS = YES;
				CLANG_WARN_STRICT_PROTOTYPES = YES;
				CLANG_WARN_SUSPICIOUS_MOVE = YES;
				CLANG_WARN_UNGUARDED_AVAILABILITY = YES_AGGRESSIVE;
				CLANG_WARN_UNREACHABLE_CODE = YES;
				CLANG_WARN__DUPLICATE_METHOD_MATCH = YES;
				COPY_PHASE_STRIP = NO;
				DEBUG_INFORMATION_FORMAT = "dwarf-with-dsym";
				ENABLE_NS_ASSERTIONS = NO;
				ENABLE_STRICT_OBJC_MSGSEND = YES;
				GCC_C_LANGUAGE_STANDARD = gnu11;
				GCC_NO_COMMON_BLOCKS = YES;
				GCC_WARN_64_TO_32_BIT_CONVERSION = YES;
				GCC_WARN_ABOUT_RETURN_TYPE = YES_ERROR;
				GCC_WARN_UNDECLARED_SELECTOR = YES;
				GCC_WARN_UNINITIALIZED_AUTOS = YES_AGGRESSIVE;
				GCC_WARN_UNUSED_FUNCTION = YES;
				GCC_WARN_UNUSED_VARIABLE = YES;
				IPHONEOS_DEPLOYMENT_TARGET = 15.2;
				MTL_ENABLE_DEBUG_INFO = NO;
				MTL_FAST_MATH = YES;
				SDKROOT = iphoneos;
				SWIFT_COMPILATION_MODE = wholemodule;
				SWIFT_OPTIMIZATION_LEVEL = "-O";
				VALIDATE_PRODUCT = YES;
			};
			name = Release;
		};
		ED7BEF8B2785BA010054190C /* Debug */ = {
			isa = XCBuildConfiguration;
			buildSettings = {
				ASSETCATALOG_COMPILER_APPICON_NAME = AppIcon;
				ASSETCATALOG_COMPILER_GLOBAL_ACCENT_COLOR_NAME = AccentColor;
				CODE_SIGN_STYLE = Automatic;
				CURRENT_PROJECT_VERSION = 1;
				DEVELOPMENT_ASSET_PATHS = "\"Learning App/Preview Content\"";
				DEVELOPMENT_TEAM = H6PZJA78J8;
				ENABLE_PREVIEWS = YES;
				GENERATE_INFOPLIST_FILE = YES;
				INFOPLIST_KEY_UIApplicationSceneManifest_Generation = YES;
				INFOPLIST_KEY_UIApplicationSupportsIndirectInputEvents = YES;
				INFOPLIST_KEY_UILaunchScreen_Generation = YES;
				INFOPLIST_KEY_UISupportedInterfaceOrientations_iPad = "UIInterfaceOrientationPortrait UIInterfaceOrientationPortraitUpsideDown UIInterfaceOrientationLandscapeLeft UIInterfaceOrientationLandscapeRight";
				INFOPLIST_KEY_UISupportedInterfaceOrientations_iPhone = "UIInterfaceOrientationPortrait UIInterfaceOrientationLandscapeLeft UIInterfaceOrientationLandscapeRight";
				LD_RUNPATH_SEARCH_PATHS = (
					"$(inherited)",
					"@executable_path/Frameworks",
				);
				MARKETING_VERSION = 1.0;
				PRODUCT_BUNDLE_IDENTIFIER = "com.ColeDano.Learning-App";
				PRODUCT_NAME = "$(TARGET_NAME)";
				SWIFT_EMIT_LOC_STRINGS = YES;
				SWIFT_VERSION = 5.0;
				TARGETED_DEVICE_FAMILY = "1,2";
			};
			name = Debug;
		};
		ED7BEF8C2785BA010054190C /* Release */ = {
			isa = XCBuildConfiguration;
			buildSettings = {
				ASSETCATALOG_COMPILER_APPICON_NAME = AppIcon;
				ASSETCATALOG_COMPILER_GLOBAL_ACCENT_COLOR_NAME = AccentColor;
				CODE_SIGN_STYLE = Automatic;
				CURRENT_PROJECT_VERSION = 1;
				DEVELOPMENT_ASSET_PATHS = "\"Learning App/Preview Content\"";
				DEVELOPMENT_TEAM = H6PZJA78J8;
				ENABLE_PREVIEWS = YES;
				GENERATE_INFOPLIST_FILE = YES;
				INFOPLIST_KEY_UIApplicationSceneManifest_Generation = YES;
				INFOPLIST_KEY_UIApplicationSupportsIndirectInputEvents = YES;
				INFOPLIST_KEY_UILaunchScreen_Generation = YES;
				INFOPLIST_KEY_UISupportedInterfaceOrientations_iPad = "UIInterfaceOrientationPortrait UIInterfaceOrientationPortraitUpsideDown UIInterfaceOrientationLandscapeLeft UIInterfaceOrientationLandscapeRight";
				INFOPLIST_KEY_UISupportedInterfaceOrientations_iPhone = "UIInterfaceOrientationPortrait UIInterfaceOrientationLandscapeLeft UIInterfaceOrientationLandscapeRight";
				LD_RUNPATH_SEARCH_PATHS = (
					"$(inherited)",
					"@executable_path/Frameworks",
				);
				MARKETING_VERSION = 1.0;
				PRODUCT_BUNDLE_IDENTIFIER = "com.ColeDano.Learning-App";
				PRODUCT_NAME = "$(TARGET_NAME)";
				SWIFT_EMIT_LOC_STRINGS = YES;
				SWIFT_VERSION = 5.0;
				TARGETED_DEVICE_FAMILY = "1,2";
			};
			name = Release;
		};
/* End XCBuildConfiguration section */

/* Begin XCConfigurationList section */
		ED7BEF772785BA000054190C /* Build configuration list for PBXProject "Learning App" */ = {
			isa = XCConfigurationList;
			buildConfigurations = (
				ED7BEF882785BA010054190C /* Debug */,
				ED7BEF892785BA010054190C /* Release */,
			);
			defaultConfigurationIsVisible = 0;
			defaultConfigurationName = Release;
		};
		ED7BEF8A2785BA010054190C /* Build configuration list for PBXNativeTarget "Learning App" */ = {
			isa = XCConfigurationList;
			buildConfigurations = (
				ED7BEF8B2785BA010054190C /* Debug */,
				ED7BEF8C2785BA010054190C /* Release */,
			);
			defaultConfigurationIsVisible = 0;
			defaultConfigurationName = Release;
		};
/* End XCConfigurationList section */
	};
	rootObject = ED7BEF742785BA000054190C /* Project object */;
}
